
Microsoft Visual Studio Solution File, Format Version 12.00
# Visual Studio 15
VisualStudioVersion = 15.0.27703.2042
MinimumVisualStudioVersion = 10.0.40219.1
Project("{8BC9CEB8-8B4A-11D0-8D11-00A0C91BC942}") = "Exercise 2", "Exercise 2\Exercise 2.vcxproj", "{FB52A797-B1A3-4E72-ACA1-1961AFE3212A}"
EndProject
Global
	GlobalSection(SolutionConfigurationPlatforms) = preSolution
		Debug|x64 = Debug|x64
		Debug|x86 = Debug|x86
		Release|x64 = Release|x64
		Release|x86 = Release|x86
	EndGlobalSection
	GlobalSection(ProjectConfigurationPlatforms) = postSolution
		{FB52A797-B1A3-4E72-ACA1-1961AFE3212A}.Debug|x64.ActiveCfg = Debug|x64
		{FB52A797-B1A3-4E72-ACA1-1961AFE3212A}.Debug|x64.Build.0 = Debug|x64
		{FB52A797-B1A3-4E72-ACA1-1961AFE3212A}.Debug|x86.ActiveCfg = Debug|Win32
		{FB52A797-B1A3-4E72-ACA1-1961AFE3212A}.Debug|x86.Build.0 = Debug|Win32
		{FB52A797-B1A3-4E72-ACA1-1961AFE3212A}.Release|x64.ActiveCfg = Release|x64
		{FB52A797-B1A3-4E72-ACA1-1961AFE3212A}.Release|x64.Build.0 = Release|x64
		{FB52A797-B1A3-4E72-ACA1-1961AFE3212A}.Release|x86.ActiveCfg = Release|Win32
		{FB52A797-B1A3-4E72-ACA1-1961AFE3212A}.Release|x86.Build.0 = Release|Win32
	EndGlobalSection
	GlobalSection(SolutionProperties) = preSolution
		HideSolutionNode = FALSE
	EndGlobalSection
	GlobalSection(ExtensibilityGlobals) = postSolution
		SolutionGuid = {11AEF3EE-C0ED-43A4-B44E-0B5CD1687523}
	EndGlobalSection
EndGlobal
