
Microsoft Visual Studio Solution File, Format Version 12.00
# Visual Studio 15
VisualStudioVersion = 15.0.27703.2042
MinimumVisualStudioVersion = 10.0.40219.1
Project("{8BC9CEB8-8B4A-11D0-8D11-00A0C91BC942}") = "Exercise 5", "Exercise 5\Exercise 5.vcxproj", "{B61F92C9-626E-4750-B739-614A70E16597}"
EndProject
Global
	GlobalSection(SolutionConfigurationPlatforms) = preSolution
		Debug|x64 = Debug|x64
		Debug|x86 = Debug|x86
		Release|x64 = Release|x64
		Release|x86 = Release|x86
	EndGlobalSection
	GlobalSection(ProjectConfigurationPlatforms) = postSolution
		{B61F92C9-626E-4750-B739-614A70E16597}.Debug|x64.ActiveCfg = Debug|x64
		{B61F92C9-626E-4750-B739-614A70E16597}.Debug|x64.Build.0 = Debug|x64
		{B61F92C9-626E-4750-B739-614A70E16597}.Debug|x86.ActiveCfg = Debug|Win32
		{B61F92C9-626E-4750-B739-614A70E16597}.Debug|x86.Build.0 = Debug|Win32
		{B61F92C9-626E-4750-B739-614A70E16597}.Release|x64.ActiveCfg = Release|x64
		{B61F92C9-626E-4750-B739-614A70E16597}.Release|x64.Build.0 = Release|x64
		{B61F92C9-626E-4750-B739-614A70E16597}.Release|x86.ActiveCfg = Release|Win32
		{B61F92C9-626E-4750-B739-614A70E16597}.Release|x86.Build.0 = Release|Win32
	EndGlobalSection
	GlobalSection(SolutionProperties) = preSolution
		HideSolutionNode = FALSE
	EndGlobalSection
	GlobalSection(ExtensibilityGlobals) = postSolution
		SolutionGuid = {A646B2EE-029B-4F9A-9730-647815D4EB2B}
	EndGlobalSection
EndGlobal
