
Microsoft Visual Studio Solution File, Format Version 12.00
# Visual Studio 15
VisualStudioVersion = 15.0.27703.2042
MinimumVisualStudioVersion = 10.0.40219.1
Project("{8BC9CEB8-8B4A-11D0-8D11-00A0C91BC942}") = "Exercise 1", "Exercise 1\Exercise 1.vcxproj", "{68BE48EC-CA4F-4FD7-8D70-FE88A2946363}"
EndProject
Global
	GlobalSection(SolutionConfigurationPlatforms) = preSolution
		Debug|x64 = Debug|x64
		Debug|x86 = Debug|x86
		Release|x64 = Release|x64
		Release|x86 = Release|x86
	EndGlobalSection
	GlobalSection(ProjectConfigurationPlatforms) = postSolution
		{68BE48EC-CA4F-4FD7-8D70-FE88A2946363}.Debug|x64.ActiveCfg = Debug|x64
		{68BE48EC-CA4F-4FD7-8D70-FE88A2946363}.Debug|x64.Build.0 = Debug|x64
		{68BE48EC-CA4F-4FD7-8D70-FE88A2946363}.Debug|x86.ActiveCfg = Debug|Win32
		{68BE48EC-CA4F-4FD7-8D70-FE88A2946363}.Debug|x86.Build.0 = Debug|Win32
		{68BE48EC-CA4F-4FD7-8D70-FE88A2946363}.Release|x64.ActiveCfg = Release|x64
		{68BE48EC-CA4F-4FD7-8D70-FE88A2946363}.Release|x64.Build.0 = Release|x64
		{68BE48EC-CA4F-4FD7-8D70-FE88A2946363}.Release|x86.ActiveCfg = Release|Win32
		{68BE48EC-CA4F-4FD7-8D70-FE88A2946363}.Release|x86.Build.0 = Release|Win32
	EndGlobalSection
	GlobalSection(SolutionProperties) = preSolution
		HideSolutionNode = FALSE
	EndGlobalSection
	GlobalSection(ExtensibilityGlobals) = postSolution
		SolutionGuid = {CBEC65A6-2548-4439-BF4A-9A6184FCD4FE}
	EndGlobalSection
EndGlobal
