
Microsoft Visual Studio Solution File, Format Version 12.00
# Visual Studio 15
VisualStudioVersion = 15.0.27703.2042
MinimumVisualStudioVersion = 10.0.40219.1
Project("{8BC9CEB8-8B4A-11D0-8D11-00A0C91BC942}") = "Exercise 7", "Exercise 7\Exercise 7.vcxproj", "{21FA5DAC-AFD6-4BA1-97C7-C3564A3861E4}"
EndProject
Global
	GlobalSection(SolutionConfigurationPlatforms) = preSolution
		Debug|x64 = Debug|x64
		Debug|x86 = Debug|x86
		Release|x64 = Release|x64
		Release|x86 = Release|x86
	EndGlobalSection
	GlobalSection(ProjectConfigurationPlatforms) = postSolution
		{21FA5DAC-AFD6-4BA1-97C7-C3564A3861E4}.Debug|x64.ActiveCfg = Debug|x64
		{21FA5DAC-AFD6-4BA1-97C7-C3564A3861E4}.Debug|x64.Build.0 = Debug|x64
		{21FA5DAC-AFD6-4BA1-97C7-C3564A3861E4}.Debug|x86.ActiveCfg = Debug|Win32
		{21FA5DAC-AFD6-4BA1-97C7-C3564A3861E4}.Debug|x86.Build.0 = Debug|Win32
		{21FA5DAC-AFD6-4BA1-97C7-C3564A3861E4}.Release|x64.ActiveCfg = Release|x64
		{21FA5DAC-AFD6-4BA1-97C7-C3564A3861E4}.Release|x64.Build.0 = Release|x64
		{21FA5DAC-AFD6-4BA1-97C7-C3564A3861E4}.Release|x86.ActiveCfg = Release|Win32
		{21FA5DAC-AFD6-4BA1-97C7-C3564A3861E4}.Release|x86.Build.0 = Release|Win32
	EndGlobalSection
	GlobalSection(SolutionProperties) = preSolution
		HideSolutionNode = FALSE
	EndGlobalSection
	GlobalSection(ExtensibilityGlobals) = postSolution
		SolutionGuid = {C5450D3E-BA77-4F8F-8C2E-4B03523F7AC4}
	EndGlobalSection
EndGlobal
